
Microsoft Visual Studio Solution File, Format Version 12.00
# Visual Studio Version 17
VisualStudioVersion = 17.7.34031.279
MinimumVisualStudioVersion = 10.0.40219.1
Project("{FAE04EC0-301F-11D3-BF4B-00C04F79EFBC}") = "WpfApp2", "WpfApp2.csproj", "{69D260D3-2106-4824-996B-665E9A76EDD9}"
EndProject
Global
	GlobalSection(SolutionConfigurationPlatforms) = preSolution
		Debug|Any CPU = Debug|Any CPU
		Release|Any CPU = Release|Any CPU
	EndGlobalSection
	GlobalSection(ProjectConfigurationPlatforms) = postSolution
		{69D260D3-2106-4824-996B-665E9A76EDD9}.Debug|Any CPU.ActiveCfg = Debug|Any CPU
		{69D260D3-2106-4824-996B-665E9A76EDD9}.Debug|Any CPU.Build.0 = Debug|Any CPU
		{69D260D3-2106-4824-996B-665E9A76EDD9}.Release|Any CPU.ActiveCfg = Release|Any CPU
		{69D260D3-2106-4824-996B-665E9A76EDD9}.Release|Any CPU.Build.0 = Release|Any CPU
	EndGlobalSection
	GlobalSection(SolutionProperties) = preSolution
		HideSolutionNode = FALSE
	EndGlobalSection
	GlobalSection(ExtensibilityGlobals) = postSolution
		SolutionGuid = {A0E563C9-5817-4209-B468-6F7971A3AF26}
	EndGlobalSection
EndGlobal
